
Microsoft Visual Studio Solution File, Format Version 12.00
# Visual Studio Version 17
VisualStudioVersion = 17.14.36429.23
MinimumVisualStudioVersion = 10.0.40219.1
Project("{2150E333-8FDC-42A3-9474-1A3956D46DE8}") = "API", "API", "{02EA681E-C7D8-13C7-8484-4AC65E1B71E8}"
EndProject
Project("{2150E333-8FDC-42A3-9474-1A3956D46DE8}") = "Infrastructure", "Infrastructure", "{8A7E5DA8-C731-45FA-B070-B98A66ACEC72}"
EndProject
Project("{2150E333-8FDC-42A3-9474-1A3956D46DE8}") = "Application", "Application", "{B0A7ED66-2AF3-4B8D-8B3F-2121220F84FB}"
EndProject
Project("{2150E333-8FDC-42A3-9474-1A3956D46DE8}") = "Entities", "Entities", "{0655124F-86BC-4766-AE4B-E6F4440FAF52}"
EndProject
Project("{2150E333-8FDC-42A3-9474-1A3956D46DE8}") = "IOC", "IOC", "{39F38F25-05F3-4632-8477-0FBEAF2D98C4}"
EndProject
Project("{2150E333-8FDC-42A3-9474-1A3956D46DE8}") = "Test", "Test", "{4CCCCDDA-A98E-49FC-AB56-2D365B2347CC}"
EndProject
Project("{2150E333-8FDC-42A3-9474-1A3956D46DE8}") = "Presentation", "Presentation", "{B3C04692-98A4-46A8-A28C-B940FBFC1A43}"
EndProject
Project("{FAE04EC0-301F-11D3-BF4B-00C04F79EFBC}") = "HotelCore.API", "HotelCore.API\HotelCore.API.csproj", "{E378541A-F546-47DB-AE3F-DA94B4203009}"
EndProject
Project("{FAE04EC0-301F-11D3-BF4B-00C04F79EFBC}") = "HotelCore.Domain", "HotelCore.Domain\HotelCore.Domain.csproj", "{91BE2CE3-933C-4F5E-ADA3-3C90ABA0C21C}"
EndProject
Project("{FAE04EC0-301F-11D3-BF4B-00C04F79EFBC}") = "HotelCore.Application", "HotelCore.Application\HotelCore.Application.csproj", "{9F10C8FF-02A0-4E55-93BB-708CB4C383AE}"
	ProjectSection(ProjectDependencies) = postProject
		{91BE2CE3-933C-4F5E-ADA3-3C90ABA0C21C} = {91BE2CE3-933C-4F5E-ADA3-3C90ABA0C21C}
	EndProjectSection
EndProject
Project("{FAE04EC0-301F-11D3-BF4B-00C04F79EFBC}") = "HotelCore.Persistence", "HotelCore.Persistence\HotelCore.Persistence.csproj", "{E4C0817F-5999-4B7F-A214-E09CA69789D4}"
EndProject
Project("{FAE04EC0-301F-11D3-BF4B-00C04F79EFBC}") = "HotelCore.Infraestructure", "HotelCore.Infraestructure\HotelCore.Infraestructure.csproj", "{15D81517-00C3-47BD-B412-2C566992974A}"
	ProjectSection(ProjectDependencies) = postProject
		{9F10C8FF-02A0-4E55-93BB-708CB4C383AE} = {9F10C8FF-02A0-4E55-93BB-708CB4C383AE}
	EndProjectSection
EndProject
Project("{FAE04EC0-301F-11D3-BF4B-00C04F79EFBC}") = "HotelCore.Web", "HotelCore.Web\HotelCore.Web.csproj", "{EEC9F240-A49E-4C8F-956D-32D9F5D03850}"
	ProjectSection(ProjectDependencies) = postProject
		{E378541A-F546-47DB-AE3F-DA94B4203009} = {E378541A-F546-47DB-AE3F-DA94B4203009}
	EndProjectSection
EndProject
Project("{FAE04EC0-301F-11D3-BF4B-00C04F79EFBC}") = "HotelCore.Desktop", "HotelCore.Desktop\HotelCore.Desktop.csproj", "{36329428-FC4F-44BC-A9C4-286095ED649D}"
	ProjectSection(ProjectDependencies) = postProject
		{E378541A-F546-47DB-AE3F-DA94B4203009} = {E378541A-F546-47DB-AE3F-DA94B4203009}
	EndProjectSection
EndProject
Project("{FAE04EC0-301F-11D3-BF4B-00C04F79EFBC}") = "HotelCore.IOC", "HotelCore.IOC\HotelCore.IOC.csproj", "{7E5071C9-5E2D-4AD0-9DA4-5EB6596ED20E}"
EndProject
Project("{2150E333-8FDC-42A3-9474-1A3956D46DE8}") = "Desktop", "Desktop", "{5B045110-26F8-4D05-BE1B-7C9E33685FE4}"
EndProject
Project("{2150E333-8FDC-42A3-9474-1A3956D46DE8}") = "Web", "Web", "{AF15825F-F248-4255-9BBA-B4C58205213E}"
EndProject
Project("{FAE04EC0-301F-11D3-BF4B-00C04F79EFBC}") = "HotelCore.Test", "HotelCore.Test\HotelCore.Test.csproj", "{01E8E752-69D6-4847-A02F-E9560ACC584B}"
EndProject
Project("{FAE04EC0-301F-11D3-BF4B-00C04F79EFBC}") = "HotelCore.Exceptions", "HotelCore.Exceptions\HotelCore.Exceptions.csproj", "{22393EC7-521B-4E96-9040-A4C4B279E4E4}"
EndProject
Project("{2150E333-8FDC-42A3-9474-1A3956D46DE8}") = "DataAccess", "DataAccess", "{4A0796CF-B5F8-412D-9B08-D786C4E207E2}"
EndProject
Project("{2150E333-8FDC-42A3-9474-1A3956D46DE8}") = "Common", "Common", "{7FD76EB5-52A0-49F0-BAD5-954DDD4B6934}"
EndProject
Global
	GlobalSection(SolutionConfigurationPlatforms) = preSolution
		Debug|Any CPU = Debug|Any CPU
		Release|Any CPU = Release|Any CPU
	EndGlobalSection
	GlobalSection(ProjectConfigurationPlatforms) = postSolution
		{E378541A-F546-47DB-AE3F-DA94B4203009}.Debug|Any CPU.ActiveCfg = Debug|Any CPU
		{E378541A-F546-47DB-AE3F-DA94B4203009}.Debug|Any CPU.Build.0 = Debug|Any CPU
		{E378541A-F546-47DB-AE3F-DA94B4203009}.Release|Any CPU.ActiveCfg = Release|Any CPU
		{E378541A-F546-47DB-AE3F-DA94B4203009}.Release|Any CPU.Build.0 = Release|Any CPU
		{91BE2CE3-933C-4F5E-ADA3-3C90ABA0C21C}.Debug|Any CPU.ActiveCfg = Debug|Any CPU
		{91BE2CE3-933C-4F5E-ADA3-3C90ABA0C21C}.Debug|Any CPU.Build.0 = Debug|Any CPU
		{91BE2CE3-933C-4F5E-ADA3-3C90ABA0C21C}.Release|Any CPU.ActiveCfg = Release|Any CPU
		{91BE2CE3-933C-4F5E-ADA3-3C90ABA0C21C}.Release|Any CPU.Build.0 = Release|Any CPU
		{9F10C8FF-02A0-4E55-93BB-708CB4C383AE}.Debug|Any CPU.ActiveCfg = Debug|Any CPU
		{9F10C8FF-02A0-4E55-93BB-708CB4C383AE}.Debug|Any CPU.Build.0 = Debug|Any CPU
		{9F10C8FF-02A0-4E55-93BB-708CB4C383AE}.Release|Any CPU.ActiveCfg = Release|Any CPU
		{9F10C8FF-02A0-4E55-93BB-708CB4C383AE}.Release|Any CPU.Build.0 = Release|Any CPU
		{E4C0817F-5999-4B7F-A214-E09CA69789D4}.Debug|Any CPU.ActiveCfg = Debug|Any CPU
		{E4C0817F-5999-4B7F-A214-E09CA69789D4}.Debug|Any CPU.Build.0 = Debug|Any CPU
		{E4C0817F-5999-4B7F-A214-E09CA69789D4}.Release|Any CPU.ActiveCfg = Release|Any CPU
		{E4C0817F-5999-4B7F-A214-E09CA69789D4}.Release|Any CPU.Build.0 = Release|Any CPU
		{15D81517-00C3-47BD-B412-2C566992974A}.Debug|Any CPU.ActiveCfg = Debug|Any CPU
		{15D81517-00C3-47BD-B412-2C566992974A}.Debug|Any CPU.Build.0 = Debug|Any CPU
		{15D81517-00C3-47BD-B412-2C566992974A}.Release|Any CPU.ActiveCfg = Release|Any CPU
		{15D81517-00C3-47BD-B412-2C566992974A}.Release|Any CPU.Build.0 = Release|Any CPU
		{EEC9F240-A49E-4C8F-956D-32D9F5D03850}.Debug|Any CPU.ActiveCfg = Debug|Any CPU
		{EEC9F240-A49E-4C8F-956D-32D9F5D03850}.Debug|Any CPU.Build.0 = Debug|Any CPU
		{EEC9F240-A49E-4C8F-956D-32D9F5D03850}.Release|Any CPU.ActiveCfg = Release|Any CPU
		{EEC9F240-A49E-4C8F-956D-32D9F5D03850}.Release|Any CPU.Build.0 = Release|Any CPU
		{36329428-FC4F-44BC-A9C4-286095ED649D}.Debug|Any CPU.ActiveCfg = Debug|Any CPU
		{36329428-FC4F-44BC-A9C4-286095ED649D}.Debug|Any CPU.Build.0 = Debug|Any CPU
		{36329428-FC4F-44BC-A9C4-286095ED649D}.Release|Any CPU.ActiveCfg = Release|Any CPU
		{36329428-FC4F-44BC-A9C4-286095ED649D}.Release|Any CPU.Build.0 = Release|Any CPU
		{7E5071C9-5E2D-4AD0-9DA4-5EB6596ED20E}.Debug|Any CPU.ActiveCfg = Debug|Any CPU
		{7E5071C9-5E2D-4AD0-9DA4-5EB6596ED20E}.Debug|Any CPU.Build.0 = Debug|Any CPU
		{7E5071C9-5E2D-4AD0-9DA4-5EB6596ED20E}.Release|Any CPU.ActiveCfg = Release|Any CPU
		{7E5071C9-5E2D-4AD0-9DA4-5EB6596ED20E}.Release|Any CPU.Build.0 = Release|Any CPU
		{01E8E752-69D6-4847-A02F-E9560ACC584B}.Debug|Any CPU.ActiveCfg = Debug|Any CPU
		{01E8E752-69D6-4847-A02F-E9560ACC584B}.Debug|Any CPU.Build.0 = Debug|Any CPU
		{01E8E752-69D6-4847-A02F-E9560ACC584B}.Release|Any CPU.ActiveCfg = Release|Any CPU
		{01E8E752-69D6-4847-A02F-E9560ACC584B}.Release|Any CPU.Build.0 = Release|Any CPU
		{22393EC7-521B-4E96-9040-A4C4B279E4E4}.Debug|Any CPU.ActiveCfg = Debug|Any CPU
		{22393EC7-521B-4E96-9040-A4C4B279E4E4}.Debug|Any CPU.Build.0 = Debug|Any CPU
		{22393EC7-521B-4E96-9040-A4C4B279E4E4}.Release|Any CPU.ActiveCfg = Release|Any CPU
		{22393EC7-521B-4E96-9040-A4C4B279E4E4}.Release|Any CPU.Build.0 = Release|Any CPU
	EndGlobalSection
	GlobalSection(SolutionProperties) = preSolution
		HideSolutionNode = FALSE
	EndGlobalSection
	GlobalSection(NestedProjects) = preSolution
		{02EA681E-C7D8-13C7-8484-4AC65E1B71E8} = {B3C04692-98A4-46A8-A28C-B940FBFC1A43}
		{39F38F25-05F3-4632-8477-0FBEAF2D98C4} = {7FD76EB5-52A0-49F0-BAD5-954DDD4B6934}
		{4CCCCDDA-A98E-49FC-AB56-2D365B2347CC} = {7FD76EB5-52A0-49F0-BAD5-954DDD4B6934}
		{E378541A-F546-47DB-AE3F-DA94B4203009} = {02EA681E-C7D8-13C7-8484-4AC65E1B71E8}
		{91BE2CE3-933C-4F5E-ADA3-3C90ABA0C21C} = {0655124F-86BC-4766-AE4B-E6F4440FAF52}
		{9F10C8FF-02A0-4E55-93BB-708CB4C383AE} = {B0A7ED66-2AF3-4B8D-8B3F-2121220F84FB}
		{E4C0817F-5999-4B7F-A214-E09CA69789D4} = {4A0796CF-B5F8-412D-9B08-D786C4E207E2}
		{15D81517-00C3-47BD-B412-2C566992974A} = {8A7E5DA8-C731-45FA-B070-B98A66ACEC72}
		{EEC9F240-A49E-4C8F-956D-32D9F5D03850} = {AF15825F-F248-4255-9BBA-B4C58205213E}
		{36329428-FC4F-44BC-A9C4-286095ED649D} = {5B045110-26F8-4D05-BE1B-7C9E33685FE4}
		{7E5071C9-5E2D-4AD0-9DA4-5EB6596ED20E} = {39F38F25-05F3-4632-8477-0FBEAF2D98C4}
		{5B045110-26F8-4D05-BE1B-7C9E33685FE4} = {B3C04692-98A4-46A8-A28C-B940FBFC1A43}
		{AF15825F-F248-4255-9BBA-B4C58205213E} = {B3C04692-98A4-46A8-A28C-B940FBFC1A43}
		{01E8E752-69D6-4847-A02F-E9560ACC584B} = {4CCCCDDA-A98E-49FC-AB56-2D365B2347CC}
		{22393EC7-521B-4E96-9040-A4C4B279E4E4} = {7FD76EB5-52A0-49F0-BAD5-954DDD4B6934}
	EndGlobalSection
	GlobalSection(ExtensibilityGlobals) = postSolution
		SolutionGuid = {AF0593AB-46D3-4DF3-B442-9CCB6C62BC68}
	EndGlobalSection
EndGlobal
